// !$*UTF8*$!
{
	archiveVersion = 1;
	classes = {
	};
	objectVersion = 46;
	objects = {

/* Begin PBXBuildFile section */
		F2E05C9419C2170B000D8984 /* AppDelegate.swift in Sources */ = {isa = PBXBuildFile; fileRef = F2E05C9319C2170B000D8984 /* AppDelegate.swift */; };
		F2E05C9619C2170B000D8984 /* ViewController.swift in Sources */ = {isa = PBXBuildFile; fileRef = F2E05C9519C2170B000D8984 /* ViewController.swift */; };
		F2E05C9919C2170B000D8984 /* Main.storyboard in Resources */ = {isa = PBXBuildFile; fileRef = F2E05C9719C2170B000D8984 /* Main.storyboard */; };
		F2E05C9B19C2170B000D8984 /* Images.xcassets in Resources */ = {isa = PBXBuildFile; fileRef = F2E05C9A19C2170B000D8984 /* Images.xcassets */; };
		F2E05CA719C2170B000D8984 /* iOS_101Tests.swift in Sources */ = {isa = PBXBuildFile; fileRef = F2E05CA619C2170B000D8984 /* iOS_101Tests.swift */; };
/* End PBXBuildFile section */

/* Begin PBXContainerItemProxy section */
		F2E05CA119C2170B000D8984 /* PBXContainerItemProxy */ = {
			isa = PBXContainerItemProxy;
			containerPortal = F2E05C8619C2170B000D8984 /* Project object */;
			proxyType = 1;
			remoteGlobalIDString = F2E05C8D19C2170B000D8984;
			remoteInfo = "iOS 101";
		};
/* End PBXContainerItemProxy section */

/* Begin PBXFileReference section */
		F2E05C8E19C2170B000D8984 /* iOS 101.app */ = {isa = PBXFileReference; explicitFileType = wrapper.application; includeInIndex = 0; path = "iOS 101.app"; sourceTree = BUILT_PRODUCTS_DIR; };
		F2E05C9219C2170B000D8984 /* Info.plist */ = {isa = PBXFileReference; lastKnownFileType = text.plist.xml; path = Info.plist; sourceTree = "<group>"; };
		F2E05C9319C2170B000D8984 /* AppDelegate.swift */ = {isa = PBXFileReference; lastKnownFileType = sourcecode.swift; path = AppDelegate.swift; sourceTree = "<group>"; };
		F2E05C9519C2170B000D8984 /* ViewController.swift */ = {isa = PBXFileReference; lastKnownFileType = sourcecode.swift; path = ViewController.swift; sourceTree = "<group>"; };
		F2E05C9819C2170B000D8984 /* Base */ = {isa = PBXFileReference; lastKnownFileType = file.storyboard; name = Base; path = Base.lproj/Main.storyboard; sourceTree = "<group>"; };
		F2E05C9A19C2170B000D8984 /* Images.xcassets */ = {isa = PBXFileReference; lastKnownFileType = folder.assetcatalog; path = Images.xcassets; sourceTree = "<group>"; };
		F2E05CA019C2170B000D8984 /* iOS 101Tests.xctest */ = {isa = PBXFileReference; explicitFileType = wrapper.cfbundle; includeInIndex = 0; path = "iOS 101Tests.xctest"; sourceTree = BUILT_PRODUCTS_DIR; };
		F2E05CA519C2170B000D8984 /* Info.plist */ = {isa = PBXFileReference; lastKnownFileType = text.plist.xml; path = Info.plist; sourceTree = "<group>"; };
		F2E05CA619C2170B000D8984 /* iOS_101Tests.swift */ = {isa = PBXFileReference; lastKnownFileType = sourcecode.swift; path = iOS_101Tests.swift; sourceTree = "<group>"; };
/* End PBXFileReference section */

/* Begin PBXFrameworksBuildPhase section */
		F2E05C8B19C2170B000D8984 /* Frameworks */ = {
			isa = PBXFrameworksBuildPhase;
			buildActionMask = 2147483647;
			files = (
			);
			runOnlyForDeploymentPostprocessing = 0;
		};
		F2E05C9D19C2170B000D8984 /* Frameworks */ = {
			isa = PBXFrameworksBuildPhase;
			buildActionMask = 2147483647;
			files = (
			);
			runOnlyForDeploymentPostprocessing = 0;
		};
/* End PBXFrameworksBuildPhase section */

/* Begin PBXGroup section */
		F2E05C8519C2170B000D8984 = {
			isa = PBXGroup;
			children = (
				F2E05C9019C2170B000D8984 /* iOS 101 */,
				F2E05CA319C2170B000D8984 /* iOS 101Tests */,
				F2E05C8F19C2170B000D8984 /* Products */,
			);
			sourceTree = "<group>";
		};
		F2E05C8F19C2170B000D8984 /* Products */ = {
			isa = PBXGroup;
			children = (
				F2E05C8E19C2170B000D8984 /* iOS 101.app */,
				F2E05CA019C2170B000D8984 /* iOS 101Tests.xctest */,
			);
			name = Products;
			sourceTree = "<group>";
		};
		F2E05C9019C2170B000D8984 /* iOS 101 */ = {
			isa = PBXGroup;
			children = (
				F2E05C9319C2170B000D8984 /* AppDelegate.swift */,
				F2E05C9519C2170B000D8984 /* ViewController.swift */,
				F2E05C9719C2170B000D8984 /* Main.storyboard */,
				F2E05C9A19C2170B000D8984 /* Images.xcassets */,
				F2E05C9119C2170B000D8984 /* Supporting Files */,
			);
			path = "iOS 101";
			sourceTree = "<group>";
		};
		F2E05C9119C2170B000D8984 /* Supporting Files */ = {
			isa = PBXGroup;
			children = (
				F2E05C9219C2170B000D8984 /* Info.plist */,
			);
			name = "Supporting Files";
			sourceTree = "<group>";
		};
		F2E05CA319C2170B000D8984 /* iOS 101Tests */ = {
			isa = PBXGroup;
			children = (
				F2E05CA619C2170B000D8984 /* iOS_101Tests.swift */,
				F2E05CA419C2170B000D8984 /* Supporting Files */,
			);
			path = "iOS 101Tests";
			sourceTree = "<group>";
		};
		F2E05CA419C2170B000D8984 /* Supporting Files */ = {
			isa = PBXGroup;
			children = (
				F2E05CA519C2170B000D8984 /* Info.plist */,
			);
			name = "Supporting Files";
			sourceTree = "<group>";
		};
/* End PBXGroup section */

/* Begin PBXNativeTarget section */
		F2E05C8D19C2170B000D8984 /* iOS 101 */ = {
			isa = PBXNativeTarget;
			buildConfigurationList = F2E05CAA19C2170B000D8984 /* Build configuration list for PBXNativeTarget "iOS 101" */;
			buildPhases = (
				F2E05C8A19C2170B000D8984 /* Sources */,
				F2E05C8B19C2170B000D8984 /* Frameworks */,
				F2E05C8C19C2170B000D8984 /* Resources */,
			);
			buildRules = (
			);
			dependencies = (
			);
			name = "iOS 101";
			productName = "iOS 101";
			productReference = F2E05C8E19C2170B000D8984 /* iOS 101.app */;
			productType = "com.apple.product-type.application";
		};
		F2E05C9F19C2170B000D8984 /* iOS 101Tests */ = {
			isa = PBXNativeTarget;
			buildConfigurationList = F2E05CAD19C2170B000D8984 /* Build configuration list for PBXNativeTarget "iOS 101Tests" */;
			buildPhases = (
				F2E05C9C19C2170B000D8984 /* Sources */,
				F2E05C9D19C2170B000D8984 /* Frameworks */,
				F2E05C9E19C2170B000D8984 /* Resources */,
			);
			buildRules = (
			);
			dependencies = (
				F2E05CA219C2170B000D8984 /* PBXTargetDependency */,
			);
			name = "iOS 101Tests";
			productName = "iOS 101Tests";
			productReference = F2E05CA019C2170B000D8984 /* iOS 101Tests.xctest */;
			productType = "com.apple.product-type.bundle.unit-test";
		};
/* End PBXNativeTarget section */

/* Begin PBXProject section */
		F2E05C8619C2170B000D8984 /* Project object */ = {
			isa = PBXProject;
			attributes = {
				LastUpgradeCheck = 0600;
				ORGANIZATIONNAME = "Matthew Whitesides";
				TargetAttributes = {
					F2E05C8D19C2170B000D8984 = {
						CreatedOnToolsVersion = 6.0;
					};
					F2E05C9F19C2170B000D8984 = {
						CreatedOnToolsVersion = 6.0;
						TestTargetID = F2E05C8D19C2170B000D8984;
					};
				};
			};
			buildConfigurationList = F2E05C8919C2170B000D8984 /* Build configuration list for PBXProject "iOS 101" */;
			compatibilityVersion = "Xcode 3.2";
			developmentRegion = English;
			hasScannedForEncodings = 0;
			knownRegions = (
				en,
				Base,
			);
			mainGroup = F2E05C8519C2170B000D8984;
			productRefGroup = F2E05C8F19C2170B000D8984 /* Products */;
			projectDirPath = "";
			projectRoot = "";
			targets = (
				F2E05C8D19C2170B000D8984 /* iOS 101 */,
				F2E05C9F19C2170B000D8984 /* iOS 101Tests */,
			);
		};
/* End PBXProject section */

/* Begin PBXResourcesBuildPhase section */
		F2E05C8C19C2170B000D8984 /* Resources */ = {
			isa = PBXResourcesBuildPhase;
			buildActionMask = 2147483647;
			files = (
				F2E05C9919C2170B000D8984 /* Main.storyboard in Resources */,
				F2E05C9B19C2170B000D8984 /* Images.xcassets in Resources */,
			);
			runOnlyForDeploymentPostprocessing = 0;
		};
		F2E05C9E19C2170B000D8984 /* Resources */ = {
			isa = PBXResourcesBuildPhase;
			buildActionMask = 2147483647;
			files = (
			);
			runOnlyForDeploymentPostprocessing = 0;
		};
/* End PBXResourcesBuildPhase section */

/* Begin PBXSourcesBuildPhase section */
		F2E05C8A19C2170B000D8984 /* Sources */ = {
			isa = PBXSourcesBuildPhase;
			buildActionMask = 2147483647;
			files = (
				F2E05C9619C2170B000D8984 /* ViewController.swift in Sources */,
				F2E05C9419C2170B000D8984 /* AppDelegate.swift in Sources */,
			);
			runOnlyForDeploymentPostprocessing = 0;
		};
		F2E05C9C19C2170B000D8984 /* Sources */ = {
			isa = PBXSourcesBuildPhase;
			buildActionMask = 2147483647;
			files = (
				F2E05CA719C2170B000D8984 /* iOS_101Tests.swift in Sources */,
			);
			runOnlyForDeploymentPostprocessing = 0;
		};
/* End PBXSourcesBuildPhase section */

/* Begin PBXTargetDependency section */
		F2E05CA219C2170B000D8984 /* PBXTargetDependency */ = {
			isa = PBXTargetDependency;
			target = F2E05C8D19C2170B000D8984 /* iOS 101 */;
			targetProxy = F2E05CA119C2170B000D8984 /* PBXContainerItemProxy */;
		};
/* End PBXTargetDependency section */

/* Begin PBXVariantGroup section */
		F2E05C9719C2170B000D8984 /* Main.storyboard */ = {
			isa = PBXVariantGroup;
			children = (
				F2E05C9819C2170B000D8984 /* Base */,
			);
			name = Main.storyboard;
			sourceTree = "<group>";
		};
/* End PBXVariantGroup section */

/* Begin XCBuildConfiguration section */
		F2E05CA819C2170B000D8984 /* Debug */ = {
			isa = XCBuildConfiguration;
			buildSettings = {
				ALWAYS_SEARCH_USER_PATHS = NO;
				CLANG_CXX_LANGUAGE_STANDARD = "gnu++0x";
				CLANG_CXX_LIBRARY = "libc++";
				CLANG_ENABLE_MODULES = YES;
				CLANG_ENABLE_OBJC_ARC = YES;
				CLANG_WARN_BOOL_CONVERSION = YES;
				CLANG_WARN_CONSTANT_CONVERSION = YES;
				CLANG_WARN_DIRECT_OBJC_ISA_USAGE = YES_ERROR;
				CLANG_WARN_EMPTY_BODY = YES;
				CLANG_WARN_ENUM_CONVERSION = YES;
				CLANG_WARN_INT_CONVERSION = YES;
				CLANG_WARN_OBJC_ROOT_CLASS = YES_ERROR;
				CLANG_WARN_UNREACHABLE_CODE = YES;
				CLANG_WARN__DUPLICATE_METHOD_MATCH = YES;
				"CODE_SIGN_IDENTITY[sdk=iphoneos*]" = "iPhone Developer";
				COPY_PHASE_STRIP = NO;
				ENABLE_STRICT_OBJC_MSGSEND = YES;
				GCC_C_LANGUAGE_STANDARD = gnu99;
				GCC_DYNAMIC_NO_PIC = NO;
				GCC_OPTIMIZATION_LEVEL = 0;
				GCC_PREPROCESSOR_DEFINITIONS = (
					"DEBUG=1",
					"$(inherited)",
				);
				GCC_SYMBOLS_PRIVATE_EXTERN = NO;
				GCC_WARN_64_TO_32_BIT_CONVERSION = YES;
				GCC_WARN_ABOUT_RETURN_TYPE = YES_ERROR;
				GCC_WARN_UNDECLARED_SELECTOR = YES;
				GCC_WARN_UNINITIALIZED_AUTOS = YES_AGGRESSIVE;
				GCC_WARN_UNUSED_FUNCTION = YES;
				GCC_WARN_UNUSED_VARIABLE = YES;
				IPHONEOS_DEPLOYMENT_TARGET = 8.0;
				MTL_ENABLE_DEBUG_INFO = YES;
				ONLY_ACTIVE_ARCH = YES;
				SDKROOT = iphoneos;
				SWIFT_OPTIMIZATION_LEVEL = "-Onone";
			};
			name = Debug;
		};
		F2E05CA919C2170B000D8984 /* Release */ = {
			isa = XCBuildConfiguration;
			buildSettings = {
				ALWAYS_SEARCH_USER_PATHS = NO;
				CLANG_CXX_LANGUAGE_STANDARD = "gnu++0x";
				CLANG_CXX_LIBRARY = "libc++";
				CLANG_ENABLE_MODULES = YES;
				CLANG_ENABLE_OBJC_ARC = YES;
				CLANG_WARN_BOOL_CONVERSION = YES;
				CLANG_WARN_CONSTANT_CONVERSION = YES;
				CLANG_WARN_DIRECT_OBJC_ISA_USAGE = YES_ERROR;
				CLANG_WARN_EMPTY_BODY = YES;
				CLANG_WARN_ENUM_CONVERSION = YES;
				CLANG_WARN_INT_CONVERSION = YES;
				CLANG_WARN_OBJC_ROOT_CLASS = YES_ERROR;
				CLANG_WARN_UNREACHABLE_CODE = YES;
				CLANG_WARN__DUPLICATE_METHOD_MATCH = YES;
				"CODE_SIGN_IDENTITY[sdk=iphoneos*]" = "iPhone Developer";
				COPY_PHASE_STRIP = YES;
				ENABLE_NS_ASSERTIONS = NO;
				ENABLE_STRICT_OBJC_MSGSEND = YES;
				GCC_C_LANGUAGE_STANDARD = gnu99;
				GCC_WARN_64_TO_32_BIT_CONVERSION = YES;
				GCC_WARN_ABOUT_RETURN_TYPE = YES_ERROR;
				GCC_WARN_UNDECLARED_SELECTOR = YES;
				GCC_WARN_UNINITIALIZED_AUTOS = YES_AGGRESSIVE;
				GCC_WARN_UNUSED_FUNCTION = YES;
				GCC_WARN_UNUSED_VARIABLE = YES;
				IPHONEOS_DEPLOYMENT_TARGET = 8.0;
				MTL_ENABLE_DEBUG_INFO = NO;
				SDKROOT = iphoneos;
				VALIDATE_PRODUCT = YES;
			};
			name = Release;
		};
		F2E05CAB19C2170B000D8984 /* Debug */ = {
			isa = XCBuildConfiguration;
			buildSettings = {
				ASSETCATALOG_COMPILER_APPICON_NAME = AppIcon;
				ASSETCATALOG_COMPILER_LAUNCHIMAGE_NAME = LaunchImage;
				INFOPLIST_FILE = "iOS 101/Info.plist";
				LD_RUNPATH_SEARCH_PATHS = "$(inherited) @executable_path/Frameworks";
				PRODUCT_NAME = "$(TARGET_NAME)";
			};
			name = Debug;
		};
		F2E05CAC19C2170B000D8984 /* Release */ = {
			isa = XCBuildConfiguration;
			buildSettings = {
				ASSETCATALOG_COMPILER_APPICON_NAME = AppIcon;
				ASSETCATALOG_COMPILER_LAUNCHIMAGE_NAME = LaunchImage;
				INFOPLIST_FILE = "iOS 101/Info.plist";
				LD_RUNPATH_SEARCH_PATHS = "$(inherited) @executable_path/Frameworks";
				PRODUCT_NAME = "$(TARGET_NAME)";
			};
			name = Release;
		};
		F2E05CAE19C2170B000D8984 /* Debug */ = {
			isa = XCBuildConfiguration;
			buildSettings = {
				BUNDLE_LOADER = "$(TEST_HOST)";
				FRAMEWORK_SEARCH_PATHS = (
					"$(SDKROOT)/Developer/Library/Frameworks",
					"$(inherited)",
				);
				GCC_PREPROCESSOR_DEFINITIONS = (
					"DEBUG=1",
					"$(inherited)",
				);
				INFOPLIST_FILE = "iOS 101Tests/Info.plist";
				LD_RUNPATH_SEARCH_PATHS = "$(inherited) @executable_path/Frameworks @loader_path/Frameworks";
				PRODUCT_NAME = "$(TARGET_NAME)";
				TEST_HOST = "$(BUILT_PRODUCTS_DIR)/iOS 101.app/iOS 101";
			};
			name = Debug;
		};
		F2E05CAF19C2170B000D8984 /* Release */ = {
			isa = XCBuildConfiguration;
			buildSettings = {
				BUNDLE_LOADER = "$(TEST_HOST)";
				FRAMEWORK_SEARCH_PATHS = (
					"$(SDKROOT)/Developer/Library/Frameworks",
					"$(inherited)",
				);
				INFOPLIST_FILE = "iOS 101Tests/Info.plist";
				LD_RUNPATH_SEARCH_PATHS = "$(inherited) @executable_path/Frameworks @loader_path/Frameworks";
				PRODUCT_NAME = "$(TARGET_NAME)";
				TEST_HOST = "$(BUILT_PRODUCTS_DIR)/iOS 101.app/iOS 101";
			};
			name = Release;
		};
/* End XCBuildConfiguration section */

/* Begin XCConfigurationList section */
		F2E05C8919C2170B000D8984 /* Build configuration list for PBXProject "iOS 101" */ = {
			isa = XCConfigurationList;
			buildConfigurations = (
				F2E05CA819C2170B000D8984 /* Debug */,
				F2E05CA919C2170B000D8984 /* Release */,
			);
			defaultConfigurationIsVisible = 0;
			defaultConfigurationName = Release;
		};
		F2E05CAA19C2170B000D8984 /* Build configuration list for PBXNativeTarget "iOS 101" */ = {
			isa = XCConfigurationList;
			buildConfigurations = (
				F2E05CAB19C2170B000D8984 /* Debug */,
				F2E05CAC19C2170B000D8984 /* Release */,
			);
			defaultConfigurationIsVisible = 0;
			defaultConfigurationName = Release;
		};
		F2E05CAD19C2170B000D8984 /* Build configuration list for PBXNativeTarget "iOS 101Tests" */ = {
			isa = XCConfigurationList;
			buildConfigurations = (
				F2E05CAE19C2170B000D8984 /* Debug */,
				F2E05CAF19C2170B000D8984 /* Release */,
			);
			defaultConfigurationIsVisible = 0;
			defaultConfigurationName = Release;
		};
/* End XCConfigurationList section */
	};
	rootObject = F2E05C8619C2170B000D8984 /* Project object */;
}
