// !$*UTF8*$!
{
	archiveVersion = 1;
	classes = {
	};
	objectVersion = 46;
	objects = {

/* Begin PBXBuildFile section */
		F297317C19CB50BA00D4948A /* AppDelegate.swift in Sources */ = {isa = PBXBuildFile; fileRef = F297317B19CB50BA00D4948A /* AppDelegate.swift */; };
		F297318319CB50BA00D4948A /* Images.xcassets in Resources */ = {isa = PBXBuildFile; fileRef = F297318219CB50BA00D4948A /* Images.xcassets */; };
		F297318619CB50BA00D4948A /* LaunchScreen.xib in Resources */ = {isa = PBXBuildFile; fileRef = F297318419CB50BA00D4948A /* LaunchScreen.xib */; };
		F297319219CB50BA00D4948A /* Sep18Tests.swift in Sources */ = {isa = PBXBuildFile; fileRef = F297319119CB50BA00D4948A /* Sep18Tests.swift */; };
		F297319D19CB533C00D4948A /* YellowViewController.swift in Sources */ = {isa = PBXBuildFile; fileRef = F297319C19CB533C00D4948A /* YellowViewController.swift */; };
/* End PBXBuildFile section */

/* Begin PBXContainerItemProxy section */
		F297318C19CB50BA00D4948A /* PBXContainerItemProxy */ = {
			isa = PBXContainerItemProxy;
			containerPortal = F297316E19CB50BA00D4948A /* Project object */;
			proxyType = 1;
			remoteGlobalIDString = F297317519CB50BA00D4948A;
			remoteInfo = Sep18;
		};
/* End PBXContainerItemProxy section */

/* Begin PBXFileReference section */
		F297317619CB50BA00D4948A /* Sep18.app */ = {isa = PBXFileReference; explicitFileType = wrapper.application; includeInIndex = 0; path = Sep18.app; sourceTree = BUILT_PRODUCTS_DIR; };
		F297317A19CB50BA00D4948A /* Info.plist */ = {isa = PBXFileReference; lastKnownFileType = text.plist.xml; path = Info.plist; sourceTree = "<group>"; };
		F297317B19CB50BA00D4948A /* AppDelegate.swift */ = {isa = PBXFileReference; lastKnownFileType = sourcecode.swift; path = AppDelegate.swift; sourceTree = "<group>"; };
		F297318219CB50BA00D4948A /* Images.xcassets */ = {isa = PBXFileReference; lastKnownFileType = folder.assetcatalog; path = Images.xcassets; sourceTree = "<group>"; };
		F297318519CB50BA00D4948A /* Base */ = {isa = PBXFileReference; lastKnownFileType = file.xib; name = Base; path = Base.lproj/LaunchScreen.xib; sourceTree = "<group>"; };
		F297318B19CB50BA00D4948A /* Sep18Tests.xctest */ = {isa = PBXFileReference; explicitFileType = wrapper.cfbundle; includeInIndex = 0; path = Sep18Tests.xctest; sourceTree = BUILT_PRODUCTS_DIR; };
		F297319019CB50BA00D4948A /* Info.plist */ = {isa = PBXFileReference; lastKnownFileType = text.plist.xml; path = Info.plist; sourceTree = "<group>"; };
		F297319119CB50BA00D4948A /* Sep18Tests.swift */ = {isa = PBXFileReference; lastKnownFileType = sourcecode.swift; path = Sep18Tests.swift; sourceTree = "<group>"; };
		F297319C19CB533C00D4948A /* YellowViewController.swift */ = {isa = PBXFileReference; fileEncoding = 4; lastKnownFileType = sourcecode.swift; name = YellowViewController.swift; path = "View Controllers/YellowViewController.swift"; sourceTree = "<group>"; };
/* End PBXFileReference section */

/* Begin PBXFrameworksBuildPhase section */
		F297317319CB50BA00D4948A /* Frameworks */ = {
			isa = PBXFrameworksBuildPhase;
			buildActionMask = 2147483647;
			files = (
			);
			runOnlyForDeploymentPostprocessing = 0;
		};
		F297318819CB50BA00D4948A /* Frameworks */ = {
			isa = PBXFrameworksBuildPhase;
			buildActionMask = 2147483647;
			files = (
			);
			runOnlyForDeploymentPostprocessing = 0;
		};
/* End PBXFrameworksBuildPhase section */

/* Begin PBXGroup section */
		F297316D19CB50BA00D4948A = {
			isa = PBXGroup;
			children = (
				F297317819CB50BA00D4948A /* Sep18 */,
				F297318E19CB50BA00D4948A /* Sep18Tests */,
				F297317719CB50BA00D4948A /* Products */,
			);
			sourceTree = "<group>";
		};
		F297317719CB50BA00D4948A /* Products */ = {
			isa = PBXGroup;
			children = (
				F297317619CB50BA00D4948A /* Sep18.app */,
				F297318B19CB50BA00D4948A /* Sep18Tests.xctest */,
			);
			name = Products;
			sourceTree = "<group>";
		};
		F297317819CB50BA00D4948A /* Sep18 */ = {
			isa = PBXGroup;
			children = (
				F297319B19CB52F300D4948A /* View Controllers */,
				F297317B19CB50BA00D4948A /* AppDelegate.swift */,
				F297318219CB50BA00D4948A /* Images.xcassets */,
				F297317919CB50BA00D4948A /* Supporting Files */,
			);
			path = Sep18;
			sourceTree = "<group>";
		};
		F297317919CB50BA00D4948A /* Supporting Files */ = {
			isa = PBXGroup;
			children = (
				F297318419CB50BA00D4948A /* LaunchScreen.xib */,
				F297317A19CB50BA00D4948A /* Info.plist */,
			);
			name = "Supporting Files";
			sourceTree = "<group>";
		};
		F297318E19CB50BA00D4948A /* Sep18Tests */ = {
			isa = PBXGroup;
			children = (
				F297319119CB50BA00D4948A /* Sep18Tests.swift */,
				F297318F19CB50BA00D4948A /* Supporting Files */,
			);
			path = Sep18Tests;
			sourceTree = "<group>";
		};
		F297318F19CB50BA00D4948A /* Supporting Files */ = {
			isa = PBXGroup;
			children = (
				F297319019CB50BA00D4948A /* Info.plist */,
			);
			name = "Supporting Files";
			sourceTree = "<group>";
		};
		F297319B19CB52F300D4948A /* View Controllers */ = {
			isa = PBXGroup;
			children = (
				F297319C19CB533C00D4948A /* YellowViewController.swift */,
			);
			name = "View Controllers";
			sourceTree = "<group>";
		};
/* End PBXGroup section */

/* Begin PBXNativeTarget section */
		F297317519CB50BA00D4948A /* Sep18 */ = {
			isa = PBXNativeTarget;
			buildConfigurationList = F297319519CB50BA00D4948A /* Build configuration list for PBXNativeTarget "Sep18" */;
			buildPhases = (
				F297317219CB50BA00D4948A /* Sources */,
				F297317319CB50BA00D4948A /* Frameworks */,
				F297317419CB50BA00D4948A /* Resources */,
			);
			buildRules = (
			);
			dependencies = (
			);
			name = Sep18;
			productName = Sep18;
			productReference = F297317619CB50BA00D4948A /* Sep18.app */;
			productType = "com.apple.product-type.application";
		};
		F297318A19CB50BA00D4948A /* Sep18Tests */ = {
			isa = PBXNativeTarget;
			buildConfigurationList = F297319819CB50BA00D4948A /* Build configuration list for PBXNativeTarget "Sep18Tests" */;
			buildPhases = (
				F297318719CB50BA00D4948A /* Sources */,
				F297318819CB50BA00D4948A /* Frameworks */,
				F297318919CB50BA00D4948A /* Resources */,
			);
			buildRules = (
			);
			dependencies = (
				F297318D19CB50BA00D4948A /* PBXTargetDependency */,
			);
			name = Sep18Tests;
			productName = Sep18Tests;
			productReference = F297318B19CB50BA00D4948A /* Sep18Tests.xctest */;
			productType = "com.apple.product-type.bundle.unit-test";
		};
/* End PBXNativeTarget section */

/* Begin PBXProject section */
		F297316E19CB50BA00D4948A /* Project object */ = {
			isa = PBXProject;
			attributes = {
				LastUpgradeCheck = 0600;
				ORGANIZATIONNAME = "Matthew Whitesides";
				TargetAttributes = {
					F297317519CB50BA00D4948A = {
						CreatedOnToolsVersion = 6.1;
					};
					F297318A19CB50BA00D4948A = {
						CreatedOnToolsVersion = 6.1;
						TestTargetID = F297317519CB50BA00D4948A;
					};
				};
			};
			buildConfigurationList = F297317119CB50BA00D4948A /* Build configuration list for PBXProject "Sep18" */;
			compatibilityVersion = "Xcode 3.2";
			developmentRegion = English;
			hasScannedForEncodings = 0;
			knownRegions = (
				en,
				Base,
			);
			mainGroup = F297316D19CB50BA00D4948A;
			productRefGroup = F297317719CB50BA00D4948A /* Products */;
			projectDirPath = "";
			projectRoot = "";
			targets = (
				F297317519CB50BA00D4948A /* Sep18 */,
				F297318A19CB50BA00D4948A /* Sep18Tests */,
			);
		};
/* End PBXProject section */

/* Begin PBXResourcesBuildPhase section */
		F297317419CB50BA00D4948A /* Resources */ = {
			isa = PBXResourcesBuildPhase;
			buildActionMask = 2147483647;
			files = (
				F297318619CB50BA00D4948A /* LaunchScreen.xib in Resources */,
				F297318319CB50BA00D4948A /* Images.xcassets in Resources */,
			);
			runOnlyForDeploymentPostprocessing = 0;
		};
		F297318919CB50BA00D4948A /* Resources */ = {
			isa = PBXResourcesBuildPhase;
			buildActionMask = 2147483647;
			files = (
			);
			runOnlyForDeploymentPostprocessing = 0;
		};
/* End PBXResourcesBuildPhase section */

/* Begin PBXSourcesBuildPhase section */
		F297317219CB50BA00D4948A /* Sources */ = {
			isa = PBXSourcesBuildPhase;
			buildActionMask = 2147483647;
			files = (
				F297319D19CB533C00D4948A /* YellowViewController.swift in Sources */,
				F297317C19CB50BA00D4948A /* AppDelegate.swift in Sources */,
			);
			runOnlyForDeploymentPostprocessing = 0;
		};
		F297318719CB50BA00D4948A /* Sources */ = {
			isa = PBXSourcesBuildPhase;
			buildActionMask = 2147483647;
			files = (
				F297319219CB50BA00D4948A /* Sep18Tests.swift in Sources */,
			);
			runOnlyForDeploymentPostprocessing = 0;
		};
/* End PBXSourcesBuildPhase section */

/* Begin PBXTargetDependency section */
		F297318D19CB50BA00D4948A /* PBXTargetDependency */ = {
			isa = PBXTargetDependency;
			target = F297317519CB50BA00D4948A /* Sep18 */;
			targetProxy = F297318C19CB50BA00D4948A /* PBXContainerItemProxy */;
		};
/* End PBXTargetDependency section */

/* Begin PBXVariantGroup section */
		F297318419CB50BA00D4948A /* LaunchScreen.xib */ = {
			isa = PBXVariantGroup;
			children = (
				F297318519CB50BA00D4948A /* Base */,
			);
			name = LaunchScreen.xib;
			sourceTree = "<group>";
		};
/* End PBXVariantGroup section */

/* Begin XCBuildConfiguration section */
		F297319319CB50BA00D4948A /* Debug */ = {
			isa = XCBuildConfiguration;
			buildSettings = {
				ALWAYS_SEARCH_USER_PATHS = NO;
				CLANG_CXX_LANGUAGE_STANDARD = "gnu++0x";
				CLANG_CXX_LIBRARY = "libc++";
				CLANG_ENABLE_MODULES = YES;
				CLANG_ENABLE_OBJC_ARC = YES;
				CLANG_WARN_BOOL_CONVERSION = YES;
				CLANG_WARN_CONSTANT_CONVERSION = YES;
				CLANG_WARN_DIRECT_OBJC_ISA_USAGE = YES_ERROR;
				CLANG_WARN_EMPTY_BODY = YES;
				CLANG_WARN_ENUM_CONVERSION = YES;
				CLANG_WARN_INT_CONVERSION = YES;
				CLANG_WARN_OBJC_ROOT_CLASS = YES_ERROR;
				CLANG_WARN_UNREACHABLE_CODE = YES;
				CLANG_WARN__DUPLICATE_METHOD_MATCH = YES;
				"CODE_SIGN_IDENTITY[sdk=iphoneos*]" = "iPhone Developer";
				COPY_PHASE_STRIP = NO;
				ENABLE_STRICT_OBJC_MSGSEND = YES;
				GCC_C_LANGUAGE_STANDARD = gnu99;
				GCC_DYNAMIC_NO_PIC = NO;
				GCC_OPTIMIZATION_LEVEL = 0;
				GCC_PREPROCESSOR_DEFINITIONS = (
					"DEBUG=1",
					"$(inherited)",
				);
				GCC_SYMBOLS_PRIVATE_EXTERN = NO;
				GCC_WARN_64_TO_32_BIT_CONVERSION = YES;
				GCC_WARN_ABOUT_RETURN_TYPE = YES_ERROR;
				GCC_WARN_UNDECLARED_SELECTOR = YES;
				GCC_WARN_UNINITIALIZED_AUTOS = YES_AGGRESSIVE;
				GCC_WARN_UNUSED_FUNCTION = YES;
				GCC_WARN_UNUSED_VARIABLE = YES;
				IPHONEOS_DEPLOYMENT_TARGET = 8.0;
				MTL_ENABLE_DEBUG_INFO = YES;
				ONLY_ACTIVE_ARCH = YES;
				SDKROOT = iphoneos;
				SWIFT_OPTIMIZATION_LEVEL = "-Onone";
			};
			name = Debug;
		};
		F297319419CB50BA00D4948A /* Release */ = {
			isa = XCBuildConfiguration;
			buildSettings = {
				ALWAYS_SEARCH_USER_PATHS = NO;
				CLANG_CXX_LANGUAGE_STANDARD = "gnu++0x";
				CLANG_CXX_LIBRARY = "libc++";
				CLANG_ENABLE_MODULES = YES;
				CLANG_ENABLE_OBJC_ARC = YES;
				CLANG_WARN_BOOL_CONVERSION = YES;
				CLANG_WARN_CONSTANT_CONVERSION = YES;
				CLANG_WARN_DIRECT_OBJC_ISA_USAGE = YES_ERROR;
				CLANG_WARN_EMPTY_BODY = YES;
				CLANG_WARN_ENUM_CONVERSION = YES;
				CLANG_WARN_INT_CONVERSION = YES;
				CLANG_WARN_OBJC_ROOT_CLASS = YES_ERROR;
				CLANG_WARN_UNREACHABLE_CODE = YES;
				CLANG_WARN__DUPLICATE_METHOD_MATCH = YES;
				"CODE_SIGN_IDENTITY[sdk=iphoneos*]" = "iPhone Developer";
				COPY_PHASE_STRIP = YES;
				ENABLE_NS_ASSERTIONS = NO;
				ENABLE_STRICT_OBJC_MSGSEND = YES;
				GCC_C_LANGUAGE_STANDARD = gnu99;
				GCC_WARN_64_TO_32_BIT_CONVERSION = YES;
				GCC_WARN_ABOUT_RETURN_TYPE = YES_ERROR;
				GCC_WARN_UNDECLARED_SELECTOR = YES;
				GCC_WARN_UNINITIALIZED_AUTOS = YES_AGGRESSIVE;
				GCC_WARN_UNUSED_FUNCTION = YES;
				GCC_WARN_UNUSED_VARIABLE = YES;
				IPHONEOS_DEPLOYMENT_TARGET = 8.0;
				MTL_ENABLE_DEBUG_INFO = NO;
				SDKROOT = iphoneos;
				VALIDATE_PRODUCT = YES;
			};
			name = Release;
		};
		F297319619CB50BA00D4948A /* Debug */ = {
			isa = XCBuildConfiguration;
			buildSettings = {
				ASSETCATALOG_COMPILER_APPICON_NAME = AppIcon;
				INFOPLIST_FILE = Sep18/Info.plist;
				LD_RUNPATH_SEARCH_PATHS = "$(inherited) @executable_path/Frameworks";
				PRODUCT_NAME = "$(TARGET_NAME)";
			};
			name = Debug;
		};
		F297319719CB50BA00D4948A /* Release */ = {
			isa = XCBuildConfiguration;
			buildSettings = {
				ASSETCATALOG_COMPILER_APPICON_NAME = AppIcon;
				INFOPLIST_FILE = Sep18/Info.plist;
				LD_RUNPATH_SEARCH_PATHS = "$(inherited) @executable_path/Frameworks";
				PRODUCT_NAME = "$(TARGET_NAME)";
			};
			name = Release;
		};
		F297319919CB50BA00D4948A /* Debug */ = {
			isa = XCBuildConfiguration;
			buildSettings = {
				BUNDLE_LOADER = "$(TEST_HOST)";
				FRAMEWORK_SEARCH_PATHS = (
					"$(SDKROOT)/Developer/Library/Frameworks",
					"$(inherited)",
				);
				GCC_PREPROCESSOR_DEFINITIONS = (
					"DEBUG=1",
					"$(inherited)",
				);
				INFOPLIST_FILE = Sep18Tests/Info.plist;
				LD_RUNPATH_SEARCH_PATHS = "$(inherited) @executable_path/Frameworks @loader_path/Frameworks";
				PRODUCT_NAME = "$(TARGET_NAME)";
				TEST_HOST = "$(BUILT_PRODUCTS_DIR)/Sep18.app/Sep18";
			};
			name = Debug;
		};
		F297319A19CB50BA00D4948A /* Release */ = {
			isa = XCBuildConfiguration;
			buildSettings = {
				BUNDLE_LOADER = "$(TEST_HOST)";
				FRAMEWORK_SEARCH_PATHS = (
					"$(SDKROOT)/Developer/Library/Frameworks",
					"$(inherited)",
				);
				INFOPLIST_FILE = Sep18Tests/Info.plist;
				LD_RUNPATH_SEARCH_PATHS = "$(inherited) @executable_path/Frameworks @loader_path/Frameworks";
				PRODUCT_NAME = "$(TARGET_NAME)";
				TEST_HOST = "$(BUILT_PRODUCTS_DIR)/Sep18.app/Sep18";
			};
			name = Release;
		};
/* End XCBuildConfiguration section */

/* Begin XCConfigurationList section */
		F297317119CB50BA00D4948A /* Build configuration list for PBXProject "Sep18" */ = {
			isa = XCConfigurationList;
			buildConfigurations = (
				F297319319CB50BA00D4948A /* Debug */,
				F297319419CB50BA00D4948A /* Release */,
			);
			defaultConfigurationIsVisible = 0;
			defaultConfigurationName = Release;
		};
		F297319519CB50BA00D4948A /* Build configuration list for PBXNativeTarget "Sep18" */ = {
			isa = XCConfigurationList;
			buildConfigurations = (
				F297319619CB50BA00D4948A /* Debug */,
				F297319719CB50BA00D4948A /* Release */,
			);
			defaultConfigurationIsVisible = 0;
		};
		F297319819CB50BA00D4948A /* Build configuration list for PBXNativeTarget "Sep18Tests" */ = {
			isa = XCConfigurationList;
			buildConfigurations = (
				F297319919CB50BA00D4948A /* Debug */,
				F297319A19CB50BA00D4948A /* Release */,
			);
			defaultConfigurationIsVisible = 0;
		};
/* End XCConfigurationList section */
	};
	rootObject = F297316E19CB50BA00D4948A /* Project object */;
}
