// !$*UTF8*$!
{
	archiveVersion = 1;
	classes = {
	};
	objectVersion = 46;
	objects = {

/* Begin PBXBuildFile section */
		F239B98D19F7E58600E63CC9 /* AppDelegate.swift in Sources */ = {isa = PBXBuildFile; fileRef = F239B98C19F7E58600E63CC9 /* AppDelegate.swift */; };
		F239B98F19F7E58600E63CC9 /* ViewController.swift in Sources */ = {isa = PBXBuildFile; fileRef = F239B98E19F7E58600E63CC9 /* ViewController.swift */; };
		F239B99219F7E58600E63CC9 /* Main.storyboard in Resources */ = {isa = PBXBuildFile; fileRef = F239B99019F7E58600E63CC9 /* Main.storyboard */; };
		F239B99419F7E58600E63CC9 /* Images.xcassets in Resources */ = {isa = PBXBuildFile; fileRef = F239B99319F7E58600E63CC9 /* Images.xcassets */; };
		F239B99719F7E58600E63CC9 /* LaunchScreen.xib in Resources */ = {isa = PBXBuildFile; fileRef = F239B99519F7E58600E63CC9 /* LaunchScreen.xib */; };
		F239B9A319F7E58600E63CC9 /* HW2Tests.swift in Sources */ = {isa = PBXBuildFile; fileRef = F239B9A219F7E58600E63CC9 /* HW2Tests.swift */; };
/* End PBXBuildFile section */

/* Begin PBXContainerItemProxy section */
		F239B99D19F7E58600E63CC9 /* PBXContainerItemProxy */ = {
			isa = PBXContainerItemProxy;
			containerPortal = F239B97F19F7E58600E63CC9 /* Project object */;
			proxyType = 1;
			remoteGlobalIDString = F239B98619F7E58600E63CC9;
			remoteInfo = HW2;
		};
/* End PBXContainerItemProxy section */

/* Begin PBXFileReference section */
		F239B98719F7E58600E63CC9 /* HW2.app */ = {isa = PBXFileReference; explicitFileType = wrapper.application; includeInIndex = 0; path = HW2.app; sourceTree = BUILT_PRODUCTS_DIR; };
		F239B98B19F7E58600E63CC9 /* Info.plist */ = {isa = PBXFileReference; lastKnownFileType = text.plist.xml; path = Info.plist; sourceTree = "<group>"; };
		F239B98C19F7E58600E63CC9 /* AppDelegate.swift */ = {isa = PBXFileReference; lastKnownFileType = sourcecode.swift; path = AppDelegate.swift; sourceTree = "<group>"; };
		F239B98E19F7E58600E63CC9 /* ViewController.swift */ = {isa = PBXFileReference; lastKnownFileType = sourcecode.swift; path = ViewController.swift; sourceTree = "<group>"; };
		F239B99119F7E58600E63CC9 /* Base */ = {isa = PBXFileReference; lastKnownFileType = file.storyboard; name = Base; path = Base.lproj/Main.storyboard; sourceTree = "<group>"; };
		F239B99319F7E58600E63CC9 /* Images.xcassets */ = {isa = PBXFileReference; lastKnownFileType = folder.assetcatalog; path = Images.xcassets; sourceTree = "<group>"; };
		F239B99619F7E58600E63CC9 /* Base */ = {isa = PBXFileReference; lastKnownFileType = file.xib; name = Base; path = Base.lproj/LaunchScreen.xib; sourceTree = "<group>"; };
		F239B99C19F7E58600E63CC9 /* HW2Tests.xctest */ = {isa = PBXFileReference; explicitFileType = wrapper.cfbundle; includeInIndex = 0; path = HW2Tests.xctest; sourceTree = BUILT_PRODUCTS_DIR; };
		F239B9A119F7E58600E63CC9 /* Info.plist */ = {isa = PBXFileReference; lastKnownFileType = text.plist.xml; path = Info.plist; sourceTree = "<group>"; };
		F239B9A219F7E58600E63CC9 /* HW2Tests.swift */ = {isa = PBXFileReference; lastKnownFileType = sourcecode.swift; path = HW2Tests.swift; sourceTree = "<group>"; };
/* End PBXFileReference section */

/* Begin PBXFrameworksBuildPhase section */
		F239B98419F7E58600E63CC9 /* Frameworks */ = {
			isa = PBXFrameworksBuildPhase;
			buildActionMask = 2147483647;
			files = (
			);
			runOnlyForDeploymentPostprocessing = 0;
		};
		F239B99919F7E58600E63CC9 /* Frameworks */ = {
			isa = PBXFrameworksBuildPhase;
			buildActionMask = 2147483647;
			files = (
			);
			runOnlyForDeploymentPostprocessing = 0;
		};
/* End PBXFrameworksBuildPhase section */

/* Begin PBXGroup section */
		F239B97E19F7E58600E63CC9 = {
			isa = PBXGroup;
			children = (
				F239B98919F7E58600E63CC9 /* HW2 */,
				F239B99F19F7E58600E63CC9 /* HW2Tests */,
				F239B98819F7E58600E63CC9 /* Products */,
			);
			sourceTree = "<group>";
		};
		F239B98819F7E58600E63CC9 /* Products */ = {
			isa = PBXGroup;
			children = (
				F239B98719F7E58600E63CC9 /* HW2.app */,
				F239B99C19F7E58600E63CC9 /* HW2Tests.xctest */,
			);
			name = Products;
			sourceTree = "<group>";
		};
		F239B98919F7E58600E63CC9 /* HW2 */ = {
			isa = PBXGroup;
			children = (
				F239B98C19F7E58600E63CC9 /* AppDelegate.swift */,
				F239B98E19F7E58600E63CC9 /* ViewController.swift */,
				F239B99019F7E58600E63CC9 /* Main.storyboard */,
				F239B99319F7E58600E63CC9 /* Images.xcassets */,
				F239B99519F7E58600E63CC9 /* LaunchScreen.xib */,
				F239B98A19F7E58600E63CC9 /* Supporting Files */,
			);
			path = HW2;
			sourceTree = "<group>";
		};
		F239B98A19F7E58600E63CC9 /* Supporting Files */ = {
			isa = PBXGroup;
			children = (
				F239B98B19F7E58600E63CC9 /* Info.plist */,
			);
			name = "Supporting Files";
			sourceTree = "<group>";
		};
		F239B99F19F7E58600E63CC9 /* HW2Tests */ = {
			isa = PBXGroup;
			children = (
				F239B9A219F7E58600E63CC9 /* HW2Tests.swift */,
				F239B9A019F7E58600E63CC9 /* Supporting Files */,
			);
			path = HW2Tests;
			sourceTree = "<group>";
		};
		F239B9A019F7E58600E63CC9 /* Supporting Files */ = {
			isa = PBXGroup;
			children = (
				F239B9A119F7E58600E63CC9 /* Info.plist */,
			);
			name = "Supporting Files";
			sourceTree = "<group>";
		};
/* End PBXGroup section */

/* Begin PBXNativeTarget section */
		F239B98619F7E58600E63CC9 /* HW2 */ = {
			isa = PBXNativeTarget;
			buildConfigurationList = F239B9A619F7E58600E63CC9 /* Build configuration list for PBXNativeTarget "HW2" */;
			buildPhases = (
				F239B98319F7E58600E63CC9 /* Sources */,
				F239B98419F7E58600E63CC9 /* Frameworks */,
				F239B98519F7E58600E63CC9 /* Resources */,
			);
			buildRules = (
			);
			dependencies = (
			);
			name = HW2;
			productName = HW2;
			productReference = F239B98719F7E58600E63CC9 /* HW2.app */;
			productType = "com.apple.product-type.application";
		};
		F239B99B19F7E58600E63CC9 /* HW2Tests */ = {
			isa = PBXNativeTarget;
			buildConfigurationList = F239B9A919F7E58600E63CC9 /* Build configuration list for PBXNativeTarget "HW2Tests" */;
			buildPhases = (
				F239B99819F7E58600E63CC9 /* Sources */,
				F239B99919F7E58600E63CC9 /* Frameworks */,
				F239B99A19F7E58600E63CC9 /* Resources */,
			);
			buildRules = (
			);
			dependencies = (
				F239B99E19F7E58600E63CC9 /* PBXTargetDependency */,
			);
			name = HW2Tests;
			productName = HW2Tests;
			productReference = F239B99C19F7E58600E63CC9 /* HW2Tests.xctest */;
			productType = "com.apple.product-type.bundle.unit-test";
		};
/* End PBXNativeTarget section */

/* Begin PBXProject section */
		F239B97F19F7E58600E63CC9 /* Project object */ = {
			isa = PBXProject;
			attributes = {
				LastUpgradeCheck = 0600;
				ORGANIZATIONNAME = "Matthew Whitesides";
				TargetAttributes = {
					F239B98619F7E58600E63CC9 = {
						CreatedOnToolsVersion = 6.1;
					};
					F239B99B19F7E58600E63CC9 = {
						CreatedOnToolsVersion = 6.1;
						TestTargetID = F239B98619F7E58600E63CC9;
					};
				};
			};
			buildConfigurationList = F239B98219F7E58600E63CC9 /* Build configuration list for PBXProject "HW2" */;
			compatibilityVersion = "Xcode 3.2";
			developmentRegion = English;
			hasScannedForEncodings = 0;
			knownRegions = (
				en,
				Base,
			);
			mainGroup = F239B97E19F7E58600E63CC9;
			productRefGroup = F239B98819F7E58600E63CC9 /* Products */;
			projectDirPath = "";
			projectRoot = "";
			targets = (
				F239B98619F7E58600E63CC9 /* HW2 */,
				F239B99B19F7E58600E63CC9 /* HW2Tests */,
			);
		};
/* End PBXProject section */

/* Begin PBXResourcesBuildPhase section */
		F239B98519F7E58600E63CC9 /* Resources */ = {
			isa = PBXResourcesBuildPhase;
			buildActionMask = 2147483647;
			files = (
				F239B99219F7E58600E63CC9 /* Main.storyboard in Resources */,
				F239B99719F7E58600E63CC9 /* LaunchScreen.xib in Resources */,
				F239B99419F7E58600E63CC9 /* Images.xcassets in Resources */,
			);
			runOnlyForDeploymentPostprocessing = 0;
		};
		F239B99A19F7E58600E63CC9 /* Resources */ = {
			isa = PBXResourcesBuildPhase;
			buildActionMask = 2147483647;
			files = (
			);
			runOnlyForDeploymentPostprocessing = 0;
		};
/* End PBXResourcesBuildPhase section */

/* Begin PBXSourcesBuildPhase section */
		F239B98319F7E58600E63CC9 /* Sources */ = {
			isa = PBXSourcesBuildPhase;
			buildActionMask = 2147483647;
			files = (
				F239B98F19F7E58600E63CC9 /* ViewController.swift in Sources */,
				F239B98D19F7E58600E63CC9 /* AppDelegate.swift in Sources */,
			);
			runOnlyForDeploymentPostprocessing = 0;
		};
		F239B99819F7E58600E63CC9 /* Sources */ = {
			isa = PBXSourcesBuildPhase;
			buildActionMask = 2147483647;
			files = (
				F239B9A319F7E58600E63CC9 /* HW2Tests.swift in Sources */,
			);
			runOnlyForDeploymentPostprocessing = 0;
		};
/* End PBXSourcesBuildPhase section */

/* Begin PBXTargetDependency section */
		F239B99E19F7E58600E63CC9 /* PBXTargetDependency */ = {
			isa = PBXTargetDependency;
			target = F239B98619F7E58600E63CC9 /* HW2 */;
			targetProxy = F239B99D19F7E58600E63CC9 /* PBXContainerItemProxy */;
		};
/* End PBXTargetDependency section */

/* Begin PBXVariantGroup section */
		F239B99019F7E58600E63CC9 /* Main.storyboard */ = {
			isa = PBXVariantGroup;
			children = (
				F239B99119F7E58600E63CC9 /* Base */,
			);
			name = Main.storyboard;
			sourceTree = "<group>";
		};
		F239B99519F7E58600E63CC9 /* LaunchScreen.xib */ = {
			isa = PBXVariantGroup;
			children = (
				F239B99619F7E58600E63CC9 /* Base */,
			);
			name = LaunchScreen.xib;
			sourceTree = "<group>";
		};
/* End PBXVariantGroup section */

/* Begin XCBuildConfiguration section */
		F239B9A419F7E58600E63CC9 /* Debug */ = {
			isa = XCBuildConfiguration;
			buildSettings = {
				ALWAYS_SEARCH_USER_PATHS = NO;
				CLANG_CXX_LANGUAGE_STANDARD = "gnu++0x";
				CLANG_CXX_LIBRARY = "libc++";
				CLANG_ENABLE_MODULES = YES;
				CLANG_ENABLE_OBJC_ARC = YES;
				CLANG_WARN_BOOL_CONVERSION = YES;
				CLANG_WARN_CONSTANT_CONVERSION = YES;
				CLANG_WARN_DIRECT_OBJC_ISA_USAGE = YES_ERROR;
				CLANG_WARN_EMPTY_BODY = YES;
				CLANG_WARN_ENUM_CONVERSION = YES;
				CLANG_WARN_INT_CONVERSION = YES;
				CLANG_WARN_OBJC_ROOT_CLASS = YES_ERROR;
				CLANG_WARN_UNREACHABLE_CODE = YES;
				CLANG_WARN__DUPLICATE_METHOD_MATCH = YES;
				"CODE_SIGN_IDENTITY[sdk=iphoneos*]" = "iPhone Developer";
				COPY_PHASE_STRIP = NO;
				ENABLE_STRICT_OBJC_MSGSEND = YES;
				GCC_C_LANGUAGE_STANDARD = gnu99;
				GCC_DYNAMIC_NO_PIC = NO;
				GCC_OPTIMIZATION_LEVEL = 0;
				GCC_PREPROCESSOR_DEFINITIONS = (
					"DEBUG=1",
					"$(inherited)",
				);
				GCC_SYMBOLS_PRIVATE_EXTERN = NO;
				GCC_WARN_64_TO_32_BIT_CONVERSION = YES;
				GCC_WARN_ABOUT_RETURN_TYPE = YES_ERROR;
				GCC_WARN_UNDECLARED_SELECTOR = YES;
				GCC_WARN_UNINITIALIZED_AUTOS = YES_AGGRESSIVE;
				GCC_WARN_UNUSED_FUNCTION = YES;
				GCC_WARN_UNUSED_VARIABLE = YES;
				IPHONEOS_DEPLOYMENT_TARGET = 8.0;
				MTL_ENABLE_DEBUG_INFO = YES;
				ONLY_ACTIVE_ARCH = YES;
				SDKROOT = iphoneos;
				SWIFT_OPTIMIZATION_LEVEL = "-Onone";
			};
			name = Debug;
		};
		F239B9A519F7E58600E63CC9 /* Release */ = {
			isa = XCBuildConfiguration;
			buildSettings = {
				ALWAYS_SEARCH_USER_PATHS = NO;
				CLANG_CXX_LANGUAGE_STANDARD = "gnu++0x";
				CLANG_CXX_LIBRARY = "libc++";
				CLANG_ENABLE_MODULES = YES;
				CLANG_ENABLE_OBJC_ARC = YES;
				CLANG_WARN_BOOL_CONVERSION = YES;
				CLANG_WARN_CONSTANT_CONVERSION = YES;
				CLANG_WARN_DIRECT_OBJC_ISA_USAGE = YES_ERROR;
				CLANG_WARN_EMPTY_BODY = YES;
				CLANG_WARN_ENUM_CONVERSION = YES;
				CLANG_WARN_INT_CONVERSION = YES;
				CLANG_WARN_OBJC_ROOT_CLASS = YES_ERROR;
				CLANG_WARN_UNREACHABLE_CODE = YES;
				CLANG_WARN__DUPLICATE_METHOD_MATCH = YES;
				"CODE_SIGN_IDENTITY[sdk=iphoneos*]" = "iPhone Developer";
				COPY_PHASE_STRIP = YES;
				ENABLE_NS_ASSERTIONS = NO;
				ENABLE_STRICT_OBJC_MSGSEND = YES;
				GCC_C_LANGUAGE_STANDARD = gnu99;
				GCC_WARN_64_TO_32_BIT_CONVERSION = YES;
				GCC_WARN_ABOUT_RETURN_TYPE = YES_ERROR;
				GCC_WARN_UNDECLARED_SELECTOR = YES;
				GCC_WARN_UNINITIALIZED_AUTOS = YES_AGGRESSIVE;
				GCC_WARN_UNUSED_FUNCTION = YES;
				GCC_WARN_UNUSED_VARIABLE = YES;
				IPHONEOS_DEPLOYMENT_TARGET = 8.0;
				MTL_ENABLE_DEBUG_INFO = NO;
				SDKROOT = iphoneos;
				VALIDATE_PRODUCT = YES;
			};
			name = Release;
		};
		F239B9A719F7E58600E63CC9 /* Debug */ = {
			isa = XCBuildConfiguration;
			buildSettings = {
				ASSETCATALOG_COMPILER_APPICON_NAME = AppIcon;
				INFOPLIST_FILE = HW2/Info.plist;
				LD_RUNPATH_SEARCH_PATHS = "$(inherited) @executable_path/Frameworks";
				PRODUCT_NAME = "$(TARGET_NAME)";
			};
			name = Debug;
		};
		F239B9A819F7E58600E63CC9 /* Release */ = {
			isa = XCBuildConfiguration;
			buildSettings = {
				ASSETCATALOG_COMPILER_APPICON_NAME = AppIcon;
				INFOPLIST_FILE = HW2/Info.plist;
				LD_RUNPATH_SEARCH_PATHS = "$(inherited) @executable_path/Frameworks";
				PRODUCT_NAME = "$(TARGET_NAME)";
			};
			name = Release;
		};
		F239B9AA19F7E58600E63CC9 /* Debug */ = {
			isa = XCBuildConfiguration;
			buildSettings = {
				BUNDLE_LOADER = "$(TEST_HOST)";
				FRAMEWORK_SEARCH_PATHS = (
					"$(SDKROOT)/Developer/Library/Frameworks",
					"$(inherited)",
				);
				GCC_PREPROCESSOR_DEFINITIONS = (
					"DEBUG=1",
					"$(inherited)",
				);
				INFOPLIST_FILE = HW2Tests/Info.plist;
				LD_RUNPATH_SEARCH_PATHS = "$(inherited) @executable_path/Frameworks @loader_path/Frameworks";
				PRODUCT_NAME = "$(TARGET_NAME)";
				TEST_HOST = "$(BUILT_PRODUCTS_DIR)/HW2.app/HW2";
			};
			name = Debug;
		};
		F239B9AB19F7E58600E63CC9 /* Release */ = {
			isa = XCBuildConfiguration;
			buildSettings = {
				BUNDLE_LOADER = "$(TEST_HOST)";
				FRAMEWORK_SEARCH_PATHS = (
					"$(SDKROOT)/Developer/Library/Frameworks",
					"$(inherited)",
				);
				INFOPLIST_FILE = HW2Tests/Info.plist;
				LD_RUNPATH_SEARCH_PATHS = "$(inherited) @executable_path/Frameworks @loader_path/Frameworks";
				PRODUCT_NAME = "$(TARGET_NAME)";
				TEST_HOST = "$(BUILT_PRODUCTS_DIR)/HW2.app/HW2";
			};
			name = Release;
		};
/* End XCBuildConfiguration section */

/* Begin XCConfigurationList section */
		F239B98219F7E58600E63CC9 /* Build configuration list for PBXProject "HW2" */ = {
			isa = XCConfigurationList;
			buildConfigurations = (
				F239B9A419F7E58600E63CC9 /* Debug */,
				F239B9A519F7E58600E63CC9 /* Release */,
			);
			defaultConfigurationIsVisible = 0;
			defaultConfigurationName = Release;
		};
		F239B9A619F7E58600E63CC9 /* Build configuration list for PBXNativeTarget "HW2" */ = {
			isa = XCConfigurationList;
			buildConfigurations = (
				F239B9A719F7E58600E63CC9 /* Debug */,
				F239B9A819F7E58600E63CC9 /* Release */,
			);
			defaultConfigurationIsVisible = 0;
		};
		F239B9A919F7E58600E63CC9 /* Build configuration list for PBXNativeTarget "HW2Tests" */ = {
			isa = XCConfigurationList;
			buildConfigurations = (
				F239B9AA19F7E58600E63CC9 /* Debug */,
				F239B9AB19F7E58600E63CC9 /* Release */,
			);
			defaultConfigurationIsVisible = 0;
		};
/* End XCConfigurationList section */
	};
	rootObject = F239B97F19F7E58600E63CC9 /* Project object */;
}
