// !$*UTF8*$!
{
	archiveVersion = 1;
	classes = {
	};
	objectVersion = 46;
	objects = {

/* Begin PBXBuildFile section */
		F28B925F19F02CD5006A2F08 /* AppDelegate.swift in Sources */ = {isa = PBXBuildFile; fileRef = F28B925E19F02CD5006A2F08 /* AppDelegate.swift */; };
		F28B926119F02CD5006A2F08 /* ViewController.swift in Sources */ = {isa = PBXBuildFile; fileRef = F28B926019F02CD5006A2F08 /* ViewController.swift */; };
		F28B926419F02CD5006A2F08 /* Main.storyboard in Resources */ = {isa = PBXBuildFile; fileRef = F28B926219F02CD5006A2F08 /* Main.storyboard */; };
		F28B926619F02CD5006A2F08 /* Images.xcassets in Resources */ = {isa = PBXBuildFile; fileRef = F28B926519F02CD5006A2F08 /* Images.xcassets */; };
		F28B926919F02CD5006A2F08 /* LaunchScreen.xib in Resources */ = {isa = PBXBuildFile; fileRef = F28B926719F02CD5006A2F08 /* LaunchScreen.xib */; };
		F28B927519F02CD5006A2F08 /* Tutorial1Tests.swift in Sources */ = {isa = PBXBuildFile; fileRef = F28B927419F02CD5006A2F08 /* Tutorial1Tests.swift */; };
/* End PBXBuildFile section */

/* Begin PBXContainerItemProxy section */
		F28B926F19F02CD5006A2F08 /* PBXContainerItemProxy */ = {
			isa = PBXContainerItemProxy;
			containerPortal = F28B925119F02CD5006A2F08 /* Project object */;
			proxyType = 1;
			remoteGlobalIDString = F28B925819F02CD5006A2F08;
			remoteInfo = Tutorial1;
		};
/* End PBXContainerItemProxy section */

/* Begin PBXFileReference section */
		F28B925919F02CD5006A2F08 /* Tutorial1.app */ = {isa = PBXFileReference; explicitFileType = wrapper.application; includeInIndex = 0; path = Tutorial1.app; sourceTree = BUILT_PRODUCTS_DIR; };
		F28B925D19F02CD5006A2F08 /* Info.plist */ = {isa = PBXFileReference; lastKnownFileType = text.plist.xml; path = Info.plist; sourceTree = "<group>"; };
		F28B925E19F02CD5006A2F08 /* AppDelegate.swift */ = {isa = PBXFileReference; lastKnownFileType = sourcecode.swift; path = AppDelegate.swift; sourceTree = "<group>"; };
		F28B926019F02CD5006A2F08 /* ViewController.swift */ = {isa = PBXFileReference; lastKnownFileType = sourcecode.swift; path = ViewController.swift; sourceTree = "<group>"; };
		F28B926319F02CD5006A2F08 /* Base */ = {isa = PBXFileReference; lastKnownFileType = file.storyboard; name = Base; path = Base.lproj/Main.storyboard; sourceTree = "<group>"; };
		F28B926519F02CD5006A2F08 /* Images.xcassets */ = {isa = PBXFileReference; lastKnownFileType = folder.assetcatalog; path = Images.xcassets; sourceTree = "<group>"; };
		F28B926819F02CD5006A2F08 /* Base */ = {isa = PBXFileReference; lastKnownFileType = file.xib; name = Base; path = Base.lproj/LaunchScreen.xib; sourceTree = "<group>"; };
		F28B926E19F02CD5006A2F08 /* Tutorial1Tests.xctest */ = {isa = PBXFileReference; explicitFileType = wrapper.cfbundle; includeInIndex = 0; path = Tutorial1Tests.xctest; sourceTree = BUILT_PRODUCTS_DIR; };
		F28B927319F02CD5006A2F08 /* Info.plist */ = {isa = PBXFileReference; lastKnownFileType = text.plist.xml; path = Info.plist; sourceTree = "<group>"; };
		F28B927419F02CD5006A2F08 /* Tutorial1Tests.swift */ = {isa = PBXFileReference; lastKnownFileType = sourcecode.swift; path = Tutorial1Tests.swift; sourceTree = "<group>"; };
/* End PBXFileReference section */

/* Begin PBXFrameworksBuildPhase section */
		F28B925619F02CD5006A2F08 /* Frameworks */ = {
			isa = PBXFrameworksBuildPhase;
			buildActionMask = 2147483647;
			files = (
			);
			runOnlyForDeploymentPostprocessing = 0;
		};
		F28B926B19F02CD5006A2F08 /* Frameworks */ = {
			isa = PBXFrameworksBuildPhase;
			buildActionMask = 2147483647;
			files = (
			);
			runOnlyForDeploymentPostprocessing = 0;
		};
/* End PBXFrameworksBuildPhase section */

/* Begin PBXGroup section */
		F28B925019F02CD5006A2F08 = {
			isa = PBXGroup;
			children = (
				F28B925B19F02CD5006A2F08 /* Tutorial1 */,
				F28B927119F02CD5006A2F08 /* Tutorial1Tests */,
				F28B925A19F02CD5006A2F08 /* Products */,
			);
			sourceTree = "<group>";
		};
		F28B925A19F02CD5006A2F08 /* Products */ = {
			isa = PBXGroup;
			children = (
				F28B925919F02CD5006A2F08 /* Tutorial1.app */,
				F28B926E19F02CD5006A2F08 /* Tutorial1Tests.xctest */,
			);
			name = Products;
			sourceTree = "<group>";
		};
		F28B925B19F02CD5006A2F08 /* Tutorial1 */ = {
			isa = PBXGroup;
			children = (
				F28B925E19F02CD5006A2F08 /* AppDelegate.swift */,
				F28B926019F02CD5006A2F08 /* ViewController.swift */,
				F28B926219F02CD5006A2F08 /* Main.storyboard */,
				F28B926519F02CD5006A2F08 /* Images.xcassets */,
				F28B926719F02CD5006A2F08 /* LaunchScreen.xib */,
				F28B925C19F02CD5006A2F08 /* Supporting Files */,
			);
			path = Tutorial1;
			sourceTree = "<group>";
		};
		F28B925C19F02CD5006A2F08 /* Supporting Files */ = {
			isa = PBXGroup;
			children = (
				F28B925D19F02CD5006A2F08 /* Info.plist */,
			);
			name = "Supporting Files";
			sourceTree = "<group>";
		};
		F28B927119F02CD5006A2F08 /* Tutorial1Tests */ = {
			isa = PBXGroup;
			children = (
				F28B927419F02CD5006A2F08 /* Tutorial1Tests.swift */,
				F28B927219F02CD5006A2F08 /* Supporting Files */,
			);
			path = Tutorial1Tests;
			sourceTree = "<group>";
		};
		F28B927219F02CD5006A2F08 /* Supporting Files */ = {
			isa = PBXGroup;
			children = (
				F28B927319F02CD5006A2F08 /* Info.plist */,
			);
			name = "Supporting Files";
			sourceTree = "<group>";
		};
/* End PBXGroup section */

/* Begin PBXNativeTarget section */
		F28B925819F02CD5006A2F08 /* Tutorial1 */ = {
			isa = PBXNativeTarget;
			buildConfigurationList = F28B927819F02CD5006A2F08 /* Build configuration list for PBXNativeTarget "Tutorial1" */;
			buildPhases = (
				F28B925519F02CD5006A2F08 /* Sources */,
				F28B925619F02CD5006A2F08 /* Frameworks */,
				F28B925719F02CD5006A2F08 /* Resources */,
			);
			buildRules = (
			);
			dependencies = (
			);
			name = Tutorial1;
			productName = Tutorial1;
			productReference = F28B925919F02CD5006A2F08 /* Tutorial1.app */;
			productType = "com.apple.product-type.application";
		};
		F28B926D19F02CD5006A2F08 /* Tutorial1Tests */ = {
			isa = PBXNativeTarget;
			buildConfigurationList = F28B927B19F02CD5006A2F08 /* Build configuration list for PBXNativeTarget "Tutorial1Tests" */;
			buildPhases = (
				F28B926A19F02CD5006A2F08 /* Sources */,
				F28B926B19F02CD5006A2F08 /* Frameworks */,
				F28B926C19F02CD5006A2F08 /* Resources */,
			);
			buildRules = (
			);
			dependencies = (
				F28B927019F02CD5006A2F08 /* PBXTargetDependency */,
			);
			name = Tutorial1Tests;
			productName = Tutorial1Tests;
			productReference = F28B926E19F02CD5006A2F08 /* Tutorial1Tests.xctest */;
			productType = "com.apple.product-type.bundle.unit-test";
		};
/* End PBXNativeTarget section */

/* Begin PBXProject section */
		F28B925119F02CD5006A2F08 /* Project object */ = {
			isa = PBXProject;
			attributes = {
				LastUpgradeCheck = 0600;
				ORGANIZATIONNAME = "Matthew Whitesides";
				TargetAttributes = {
					F28B925819F02CD5006A2F08 = {
						CreatedOnToolsVersion = 6.1;
					};
					F28B926D19F02CD5006A2F08 = {
						CreatedOnToolsVersion = 6.1;
						TestTargetID = F28B925819F02CD5006A2F08;
					};
				};
			};
			buildConfigurationList = F28B925419F02CD5006A2F08 /* Build configuration list for PBXProject "Tutorial1" */;
			compatibilityVersion = "Xcode 3.2";
			developmentRegion = English;
			hasScannedForEncodings = 0;
			knownRegions = (
				en,
				Base,
			);
			mainGroup = F28B925019F02CD5006A2F08;
			productRefGroup = F28B925A19F02CD5006A2F08 /* Products */;
			projectDirPath = "";
			projectRoot = "";
			targets = (
				F28B925819F02CD5006A2F08 /* Tutorial1 */,
				F28B926D19F02CD5006A2F08 /* Tutorial1Tests */,
			);
		};
/* End PBXProject section */

/* Begin PBXResourcesBuildPhase section */
		F28B925719F02CD5006A2F08 /* Resources */ = {
			isa = PBXResourcesBuildPhase;
			buildActionMask = 2147483647;
			files = (
				F28B926419F02CD5006A2F08 /* Main.storyboard in Resources */,
				F28B926919F02CD5006A2F08 /* LaunchScreen.xib in Resources */,
				F28B926619F02CD5006A2F08 /* Images.xcassets in Resources */,
			);
			runOnlyForDeploymentPostprocessing = 0;
		};
		F28B926C19F02CD5006A2F08 /* Resources */ = {
			isa = PBXResourcesBuildPhase;
			buildActionMask = 2147483647;
			files = (
			);
			runOnlyForDeploymentPostprocessing = 0;
		};
/* End PBXResourcesBuildPhase section */

/* Begin PBXSourcesBuildPhase section */
		F28B925519F02CD5006A2F08 /* Sources */ = {
			isa = PBXSourcesBuildPhase;
			buildActionMask = 2147483647;
			files = (
				F28B926119F02CD5006A2F08 /* ViewController.swift in Sources */,
				F28B925F19F02CD5006A2F08 /* AppDelegate.swift in Sources */,
			);
			runOnlyForDeploymentPostprocessing = 0;
		};
		F28B926A19F02CD5006A2F08 /* Sources */ = {
			isa = PBXSourcesBuildPhase;
			buildActionMask = 2147483647;
			files = (
				F28B927519F02CD5006A2F08 /* Tutorial1Tests.swift in Sources */,
			);
			runOnlyForDeploymentPostprocessing = 0;
		};
/* End PBXSourcesBuildPhase section */

/* Begin PBXTargetDependency section */
		F28B927019F02CD5006A2F08 /* PBXTargetDependency */ = {
			isa = PBXTargetDependency;
			target = F28B925819F02CD5006A2F08 /* Tutorial1 */;
			targetProxy = F28B926F19F02CD5006A2F08 /* PBXContainerItemProxy */;
		};
/* End PBXTargetDependency section */

/* Begin PBXVariantGroup section */
		F28B926219F02CD5006A2F08 /* Main.storyboard */ = {
			isa = PBXVariantGroup;
			children = (
				F28B926319F02CD5006A2F08 /* Base */,
			);
			name = Main.storyboard;
			sourceTree = "<group>";
		};
		F28B926719F02CD5006A2F08 /* LaunchScreen.xib */ = {
			isa = PBXVariantGroup;
			children = (
				F28B926819F02CD5006A2F08 /* Base */,
			);
			name = LaunchScreen.xib;
			sourceTree = "<group>";
		};
/* End PBXVariantGroup section */

/* Begin XCBuildConfiguration section */
		F28B927619F02CD5006A2F08 /* Debug */ = {
			isa = XCBuildConfiguration;
			buildSettings = {
				ALWAYS_SEARCH_USER_PATHS = NO;
				CLANG_CXX_LANGUAGE_STANDARD = "gnu++0x";
				CLANG_CXX_LIBRARY = "libc++";
				CLANG_ENABLE_MODULES = YES;
				CLANG_ENABLE_OBJC_ARC = YES;
				CLANG_WARN_BOOL_CONVERSION = YES;
				CLANG_WARN_CONSTANT_CONVERSION = YES;
				CLANG_WARN_DIRECT_OBJC_ISA_USAGE = YES_ERROR;
				CLANG_WARN_EMPTY_BODY = YES;
				CLANG_WARN_ENUM_CONVERSION = YES;
				CLANG_WARN_INT_CONVERSION = YES;
				CLANG_WARN_OBJC_ROOT_CLASS = YES_ERROR;
				CLANG_WARN_UNREACHABLE_CODE = YES;
				CLANG_WARN__DUPLICATE_METHOD_MATCH = YES;
				"CODE_SIGN_IDENTITY[sdk=iphoneos*]" = "iPhone Developer";
				COPY_PHASE_STRIP = NO;
				ENABLE_STRICT_OBJC_MSGSEND = YES;
				GCC_C_LANGUAGE_STANDARD = gnu99;
				GCC_DYNAMIC_NO_PIC = NO;
				GCC_OPTIMIZATION_LEVEL = 0;
				GCC_PREPROCESSOR_DEFINITIONS = (
					"DEBUG=1",
					"$(inherited)",
				);
				GCC_SYMBOLS_PRIVATE_EXTERN = NO;
				GCC_WARN_64_TO_32_BIT_CONVERSION = YES;
				GCC_WARN_ABOUT_RETURN_TYPE = YES_ERROR;
				GCC_WARN_UNDECLARED_SELECTOR = YES;
				GCC_WARN_UNINITIALIZED_AUTOS = YES_AGGRESSIVE;
				GCC_WARN_UNUSED_FUNCTION = YES;
				GCC_WARN_UNUSED_VARIABLE = YES;
				IPHONEOS_DEPLOYMENT_TARGET = 8.0;
				MTL_ENABLE_DEBUG_INFO = YES;
				ONLY_ACTIVE_ARCH = YES;
				SDKROOT = iphoneos;
				SWIFT_OPTIMIZATION_LEVEL = "-Onone";
			};
			name = Debug;
		};
		F28B927719F02CD5006A2F08 /* Release */ = {
			isa = XCBuildConfiguration;
			buildSettings = {
				ALWAYS_SEARCH_USER_PATHS = NO;
				CLANG_CXX_LANGUAGE_STANDARD = "gnu++0x";
				CLANG_CXX_LIBRARY = "libc++";
				CLANG_ENABLE_MODULES = YES;
				CLANG_ENABLE_OBJC_ARC = YES;
				CLANG_WARN_BOOL_CONVERSION = YES;
				CLANG_WARN_CONSTANT_CONVERSION = YES;
				CLANG_WARN_DIRECT_OBJC_ISA_USAGE = YES_ERROR;
				CLANG_WARN_EMPTY_BODY = YES;
				CLANG_WARN_ENUM_CONVERSION = YES;
				CLANG_WARN_INT_CONVERSION = YES;
				CLANG_WARN_OBJC_ROOT_CLASS = YES_ERROR;
				CLANG_WARN_UNREACHABLE_CODE = YES;
				CLANG_WARN__DUPLICATE_METHOD_MATCH = YES;
				"CODE_SIGN_IDENTITY[sdk=iphoneos*]" = "iPhone Developer";
				COPY_PHASE_STRIP = YES;
				ENABLE_NS_ASSERTIONS = NO;
				ENABLE_STRICT_OBJC_MSGSEND = YES;
				GCC_C_LANGUAGE_STANDARD = gnu99;
				GCC_WARN_64_TO_32_BIT_CONVERSION = YES;
				GCC_WARN_ABOUT_RETURN_TYPE = YES_ERROR;
				GCC_WARN_UNDECLARED_SELECTOR = YES;
				GCC_WARN_UNINITIALIZED_AUTOS = YES_AGGRESSIVE;
				GCC_WARN_UNUSED_FUNCTION = YES;
				GCC_WARN_UNUSED_VARIABLE = YES;
				IPHONEOS_DEPLOYMENT_TARGET = 8.0;
				MTL_ENABLE_DEBUG_INFO = NO;
				SDKROOT = iphoneos;
				VALIDATE_PRODUCT = YES;
			};
			name = Release;
		};
		F28B927919F02CD5006A2F08 /* Debug */ = {
			isa = XCBuildConfiguration;
			buildSettings = {
				ASSETCATALOG_COMPILER_APPICON_NAME = AppIcon;
				INFOPLIST_FILE = Tutorial1/Info.plist;
				LD_RUNPATH_SEARCH_PATHS = "$(inherited) @executable_path/Frameworks";
				PRODUCT_NAME = "$(TARGET_NAME)";
			};
			name = Debug;
		};
		F28B927A19F02CD5006A2F08 /* Release */ = {
			isa = XCBuildConfiguration;
			buildSettings = {
				ASSETCATALOG_COMPILER_APPICON_NAME = AppIcon;
				INFOPLIST_FILE = Tutorial1/Info.plist;
				LD_RUNPATH_SEARCH_PATHS = "$(inherited) @executable_path/Frameworks";
				PRODUCT_NAME = "$(TARGET_NAME)";
			};
			name = Release;
		};
		F28B927C19F02CD5006A2F08 /* Debug */ = {
			isa = XCBuildConfiguration;
			buildSettings = {
				BUNDLE_LOADER = "$(TEST_HOST)";
				FRAMEWORK_SEARCH_PATHS = (
					"$(SDKROOT)/Developer/Library/Frameworks",
					"$(inherited)",
				);
				GCC_PREPROCESSOR_DEFINITIONS = (
					"DEBUG=1",
					"$(inherited)",
				);
				INFOPLIST_FILE = Tutorial1Tests/Info.plist;
				LD_RUNPATH_SEARCH_PATHS = "$(inherited) @executable_path/Frameworks @loader_path/Frameworks";
				PRODUCT_NAME = "$(TARGET_NAME)";
				TEST_HOST = "$(BUILT_PRODUCTS_DIR)/Tutorial1.app/Tutorial1";
			};
			name = Debug;
		};
		F28B927D19F02CD5006A2F08 /* Release */ = {
			isa = XCBuildConfiguration;
			buildSettings = {
				BUNDLE_LOADER = "$(TEST_HOST)";
				FRAMEWORK_SEARCH_PATHS = (
					"$(SDKROOT)/Developer/Library/Frameworks",
					"$(inherited)",
				);
				INFOPLIST_FILE = Tutorial1Tests/Info.plist;
				LD_RUNPATH_SEARCH_PATHS = "$(inherited) @executable_path/Frameworks @loader_path/Frameworks";
				PRODUCT_NAME = "$(TARGET_NAME)";
				TEST_HOST = "$(BUILT_PRODUCTS_DIR)/Tutorial1.app/Tutorial1";
			};
			name = Release;
		};
/* End XCBuildConfiguration section */

/* Begin XCConfigurationList section */
		F28B925419F02CD5006A2F08 /* Build configuration list for PBXProject "Tutorial1" */ = {
			isa = XCConfigurationList;
			buildConfigurations = (
				F28B927619F02CD5006A2F08 /* Debug */,
				F28B927719F02CD5006A2F08 /* Release */,
			);
			defaultConfigurationIsVisible = 0;
			defaultConfigurationName = Release;
		};
		F28B927819F02CD5006A2F08 /* Build configuration list for PBXNativeTarget "Tutorial1" */ = {
			isa = XCConfigurationList;
			buildConfigurations = (
				F28B927919F02CD5006A2F08 /* Debug */,
				F28B927A19F02CD5006A2F08 /* Release */,
			);
			defaultConfigurationIsVisible = 0;
		};
		F28B927B19F02CD5006A2F08 /* Build configuration list for PBXNativeTarget "Tutorial1Tests" */ = {
			isa = XCConfigurationList;
			buildConfigurations = (
				F28B927C19F02CD5006A2F08 /* Debug */,
				F28B927D19F02CD5006A2F08 /* Release */,
			);
			defaultConfigurationIsVisible = 0;
		};
/* End XCConfigurationList section */
	};
	rootObject = F28B925119F02CD5006A2F08 /* Project object */;
}
